
Microsoft Visual Studio Solution File, Format Version 12.00
# Visual Studio 15
Project("{FAE04EC0-301F-11D3-BF4B-00C04F79EFBC}") = "Boxing", "First\Boxing.csproj", "{814A5225-37F3-4FBC-87D4-F85D61917D26}"
EndProject
Project("{FAE04EC0-301F-11D3-BF4B-00C04F79EFBC}") = "BoxingTest", "BoxingTest\BoxingTest.csproj", "{DD08B6DA-386E-44EA-8957-AC9342CA6EB5}"
EndProject
Global
	GlobalSection(SolutionConfigurationPlatforms) = preSolution
		Debug|Any CPU = Debug|Any CPU
		Release|Any CPU = Release|Any CPU
	EndGlobalSection
	GlobalSection(ProjectConfigurationPlatforms) = postSolution
		{814A5225-37F3-4FBC-87D4-F85D61917D26}.Debug|Any CPU.ActiveCfg = Debug|Any CPU
		{814A5225-37F3-4FBC-87D4-F85D61917D26}.Debug|Any CPU.Build.0 = Debug|Any CPU
		{814A5225-37F3-4FBC-87D4-F85D61917D26}.Release|Any CPU.ActiveCfg = Release|Any CPU
		{814A5225-37F3-4FBC-87D4-F85D61917D26}.Release|Any CPU.Build.0 = Release|Any CPU
		{DD08B6DA-386E-44EA-8957-AC9342CA6EB5}.Debug|Any CPU.ActiveCfg = Debug|Any CPU
		{DD08B6DA-386E-44EA-8957-AC9342CA6EB5}.Debug|Any CPU.Build.0 = Debug|Any CPU
		{DD08B6DA-386E-44EA-8957-AC9342CA6EB5}.Release|Any CPU.ActiveCfg = Release|Any CPU
		{DD08B6DA-386E-44EA-8957-AC9342CA6EB5}.Release|Any CPU.Build.0 = Release|Any CPU
	EndGlobalSection
EndGlobal
